
Microsoft Visual Studio Solution File, Format Version 12.00
# Visual Studio 2013
VisualStudioVersion = 12.0.31101.0
MinimumVisualStudioVersion = 10.0.40219.1
Project("{2150E333-8FDC-42A3-9474-1A3956D46DE8}") = "Deployment", "Deployment", "{E4FFE780-D10A-47A8-8471-B84D80FB5DBE}"
	ProjectSection(SolutionItems) = preProject
		..\tools\Deploy\Deploy.to.uCommerce.ps1 = ..\tools\Deploy\Deploy.to.uCommerce.ps1
	EndProjectSection
EndProject
Project("{2150E333-8FDC-42A3-9474-1A3956D46DE8}") = "Nuget", "Nuget", "{4CF9F5BF-9DD4-4C03-AA40-1BDC7FF51FD5}"
	ProjectSection(SolutionItems) = preProject
		..\tools\NuGet\App.Manifest.nuspec = ..\tools\NuGet\App.Manifest.nuspec
		..\tools\Deploy\Generate.App.Package.ps1 = ..\tools\Deploy\Generate.App.Package.ps1
	EndProjectSection
EndProject
Project("{FAE04EC0-301F-11D3-BF4B-00C04F79EFBC}") = "UCommerce.Transactions.Payments.GiftCard", "UCommerce.Transactions.Payments.Giftcard\UCommerce.Transactions.Payments.GiftCard.csproj", "{FE1A22E3-21A3-4653-A9D8-7DF019D01433}"
EndProject
Project("{FAE04EC0-301F-11D3-BF4B-00C04F79EFBC}") = "UCommerce.Transactions.Payments.GiftCard.Tests", "UCommerce.Transactions.Payments.Giftcard.Tests\UCommerce.Transactions.Payments.GiftCard.Tests.csproj", "{AC6AB3DC-A623-4D58-93D8-A3F682D6DCA8}"
EndProject
Project("{FAE04EC0-301F-11D3-BF4B-00C04F79EFBC}") = "UCommerce.Transactions.Payments.GiftCard.UI", "UCommerce.Transactions.Payments.Giftcard.UI\UCommerce.Transactions.Payments.GiftCard.UI.csproj", "{1C4E8337-AAB5-4BAD-AD24-5F0F802856A4}"
EndProject
Project("{FAE04EC0-301F-11D3-BF4B-00C04F79EFBC}") = "UCommerce.Transactions.Payments.GiftCard.Documentation", "UCommerce.Transactions.Payments.GiftCard.Documentation\UCommerce.Transactions.Payments.GiftCard.Documentation.csproj", "{7CB3D308-0A86-49BA-A112-0D7FC294F930}"
EndProject
Project("{2150E333-8FDC-42A3-9474-1A3956D46DE8}") = "Docs", "Docs", "{2F915F0C-2760-48BB-90DB-867666788793}"
EndProject
Global
	GlobalSection(SolutionConfigurationPlatforms) = preSolution
		Debug|Any CPU = Debug|Any CPU
		Release|Any CPU = Release|Any CPU
	EndGlobalSection
	GlobalSection(ProjectConfigurationPlatforms) = postSolution
		{FE1A22E3-21A3-4653-A9D8-7DF019D01433}.Debug|Any CPU.ActiveCfg = Debug|Any CPU
		{FE1A22E3-21A3-4653-A9D8-7DF019D01433}.Debug|Any CPU.Build.0 = Debug|Any CPU
		{FE1A22E3-21A3-4653-A9D8-7DF019D01433}.Release|Any CPU.ActiveCfg = Release|Any CPU
		{FE1A22E3-21A3-4653-A9D8-7DF019D01433}.Release|Any CPU.Build.0 = Release|Any CPU
		{AC6AB3DC-A623-4D58-93D8-A3F682D6DCA8}.Debug|Any CPU.ActiveCfg = Debug|Any CPU
		{AC6AB3DC-A623-4D58-93D8-A3F682D6DCA8}.Debug|Any CPU.Build.0 = Debug|Any CPU
		{AC6AB3DC-A623-4D58-93D8-A3F682D6DCA8}.Release|Any CPU.ActiveCfg = Release|Any CPU
		{AC6AB3DC-A623-4D58-93D8-A3F682D6DCA8}.Release|Any CPU.Build.0 = Release|Any CPU
		{1C4E8337-AAB5-4BAD-AD24-5F0F802856A4}.Debug|Any CPU.ActiveCfg = Debug|Any CPU
		{1C4E8337-AAB5-4BAD-AD24-5F0F802856A4}.Debug|Any CPU.Build.0 = Debug|Any CPU
		{1C4E8337-AAB5-4BAD-AD24-5F0F802856A4}.Release|Any CPU.ActiveCfg = Release|Any CPU
		{1C4E8337-AAB5-4BAD-AD24-5F0F802856A4}.Release|Any CPU.Build.0 = Release|Any CPU
		{7CB3D308-0A86-49BA-A112-0D7FC294F930}.Debug|Any CPU.ActiveCfg = Debug|Any CPU
		{7CB3D308-0A86-49BA-A112-0D7FC294F930}.Debug|Any CPU.Build.0 = Debug|Any CPU
		{7CB3D308-0A86-49BA-A112-0D7FC294F930}.Release|Any CPU.ActiveCfg = Release|Any CPU
		{7CB3D308-0A86-49BA-A112-0D7FC294F930}.Release|Any CPU.Build.0 = Release|Any CPU
	EndGlobalSection
	GlobalSection(SolutionProperties) = preSolution
		HideSolutionNode = FALSE
	EndGlobalSection
	GlobalSection(NestedProjects) = preSolution
		{7CB3D308-0A86-49BA-A112-0D7FC294F930} = {2F915F0C-2760-48BB-90DB-867666788793}
	EndGlobalSection
EndGlobal
